
Microsoft Visual Studio Solution File, Format Version 12.00
# Visual Studio Version 16
VisualStudioVersion = 16.0.30804.86
MinimumVisualStudioVersion = 10.0.40219.1
Project("{FAE04EC0-301F-11D3-BF4B-00C04F79EFBC}") = "MyDictionary", "MyDictionary\MyDictionary.csproj", "{EA3DFF0A-4420-4FAF-A9B9-6FBE7E519D44}"
EndProject
Global
	GlobalSection(SolutionConfigurationPlatforms) = preSolution
		Debug|Any CPU = Debug|Any CPU
		Release|Any CPU = Release|Any CPU
	EndGlobalSection
	GlobalSection(ProjectConfigurationPlatforms) = postSolution
		{EA3DFF0A-4420-4FAF-A9B9-6FBE7E519D44}.Debug|Any CPU.ActiveCfg = Debug|Any CPU
		{EA3DFF0A-4420-4FAF-A9B9-6FBE7E519D44}.Debug|Any CPU.Build.0 = Debug|Any CPU
		{EA3DFF0A-4420-4FAF-A9B9-6FBE7E519D44}.Release|Any CPU.ActiveCfg = Release|Any CPU
		{EA3DFF0A-4420-4FAF-A9B9-6FBE7E519D44}.Release|Any CPU.Build.0 = Release|Any CPU
	EndGlobalSection
	GlobalSection(SolutionProperties) = preSolution
		HideSolutionNode = FALSE
	EndGlobalSection
	GlobalSection(ExtensibilityGlobals) = postSolution
		SolutionGuid = {FDE9D1E9-34B4-4685-A175-5FFEA0290AEB}
	EndGlobalSection
EndGlobal
